// !$*UTF8*$!
{
	archiveVersion = 1;
	classes = {
	};
	objectVersion = 46;
	objects = {

/* Begin PBXBuildFile section */
		0207DA581B56EA530066E2B4 /* Images.xcassets in Resources */ = {isa = PBXBuildFile; fileRef = 0207DA571B56EA530066E2B4 /* Images.xcassets */; };
		0240ACFE56974CB99D6D8BAA /* VideoToolbox.framework in Frameworks */ = {isa = PBXBuildFile; fileRef = 3A341284EB0E4A718A868D30 /* VideoToolbox.framework */; };
		02C014BFAD3E4CC6A6F62078 /* GLKit.framework in Frameworks */ = {isa = PBXBuildFile; fileRef = 8BC8D60A951B4C54994EAC6A /* GLKit.framework */; };
		11D14D0E192D4F99AEB1E7B6 /* QuartzCore.framework in Frameworks */ = {isa = PBXBuildFile; fileRef = D4AAFE85F488409AACCB3370 /* QuartzCore.framework */; };
		1D3623260D0F684500981E51 /* AppDelegate.m in Sources */ = {isa = PBXBuildFile; fileRef = 1D3623250D0F684500981E51 /* AppDelegate.m */; };
		1D60589B0D05DD56006BFB54 /* main.m in Sources */ = {isa = PBXBuildFile; fileRef = 29B97316FDCFA39411CA2CEA /* main.m */; };
		27908E73272744CD8D300246 /* OpenGLES.framework in Frameworks */ = {isa = PBXBuildFile; fileRef = 79363D6DEE4B4DB38E6BB99A /* OpenGLES.framework */; };
		291CCEC7D638431DB844717D /* PluginRTCPeerConnection.swift in Sources */ = {isa = PBXBuildFile; fileRef = 11D726CC58774CAEBDE1108E /* PluginRTCPeerConnection.swift */; };
		301BF552109A68D80062928A /* libCordova.a in Frameworks */ = {isa = PBXBuildFile; fileRef = 301BF535109A57CC0062928A /* libCordova.a */; settings = {ATTRIBUTES = (Required, ); }; };
		302D95F114D2391D003F00A1 /* MainViewController.m in Sources */ = {isa = PBXBuildFile; fileRef = 302D95EF14D2391D003F00A1 /* MainViewController.m */; };
		302D95F214D2391D003F00A1 /* MainViewController.xib in Resources */ = {isa = PBXBuildFile; fileRef = 302D95F014D2391D003F00A1 /* MainViewController.xib */; };
		309E11FA121444299EE049F4 /* PluginMediaStreamTrack.swift in Sources */ = {isa = PBXBuildFile; fileRef = 68DAD21BDD2244A18274B4ED /* PluginMediaStreamTrack.swift */; };
		339A1F69BBE441B7AEB5E697 /* PluginGetUserMedia.swift in Sources */ = {isa = PBXBuildFile; fileRef = 027129BC3E7B4A8A9D26C6DF /* PluginGetUserMedia.swift */; };
		3429A804790B46BDBB42C9BC /* libc++.dylib in Frameworks */ = {isa = PBXBuildFile; fileRef = 972EF7B1982240FFBE83E756 /* libc++.dylib */; };
		4F90395BFEDE47939F35B10A /* PluginRTCAudioController.swift in Sources */ = {isa = PBXBuildFile; fileRef = 518C9EE105DB448496D8B48F /* PluginRTCAudioController.swift */; };
		4FC99D6664D149839AE47D63 /* PluginUtils.swift in Sources */ = {isa = PBXBuildFile; fileRef = E27D93A857C647FFB8B8B95A /* PluginUtils.swift */; };
		5940E3CDC1734C10A1069F6B /* PluginMediaStreamRenderer.swift in Sources */ = {isa = PBXBuildFile; fileRef = 6EF8B87720B245508095C03E /* PluginMediaStreamRenderer.swift */; };
		65745C4272A64ABF88B47BB5 /* libstdc++.dylib in Frameworks */ = {isa = PBXBuildFile; fileRef = 70554EAD7C50401A8159C6BF /* libstdc++.dylib */; };
		6AFF5BF91D6E424B00AB3073 /* CDVLaunchScreen.storyboard in Resources */ = {isa = PBXBuildFile; fileRef = 6AFF5BF81D6E424B00AB3073 /* CDVLaunchScreen.storyboard */; };
		6B7FCD6C4282422CB80FE9FC /* CDVDevice.m in Sources */ = {isa = PBXBuildFile; fileRef = 250736AFFCDB4B50BEFCC4CF /* CDVDevice.m */; };
		772326DB9F2347598A89A421 /* CoreVideo.framework in Frameworks */ = {isa = PBXBuildFile; fileRef = 9C5D1817D4DF432AAA2D51B5 /* CoreVideo.framework */; };
		825E0081E1A44911A3E668C2 /* PluginEnumerateDevices.swift in Sources */ = {isa = PBXBuildFile; fileRef = 9E60B9433C9B4017BF2AA6C9 /* PluginEnumerateDevices.swift */; };
		93691A15BF9F4CBF84A641DC /* PluginRTCTypes.swift in Sources */ = {isa = PBXBuildFile; fileRef = 55B428417B334C01B6EA2970 /* PluginRTCTypes.swift */; };
		996095B07AEC4DD288244700 /* PluginRTCDTMFSender.swift in Sources */ = {isa = PBXBuildFile; fileRef = 18224FF9AF9F4756980DAB25 /* PluginRTCDTMFSender.swift */; };
		A02056D4D5A14F63BC709458 /* PluginRTCVideoCaptureController.swift in Sources */ = {isa = PBXBuildFile; fileRef = E8AECE42AE524756BB4D5E67 /* PluginRTCVideoCaptureController.swift */; };
		B0C22EE09FC34C56A77FD326 /* CoreMedia.framework in Frameworks */ = {isa = PBXBuildFile; fileRef = 413F0579B7AB4C5B9D1DBF52 /* CoreMedia.framework */; };
		B1336BDC0A8A47959542A610 /* iosrtcPlugin.swift in Sources */ = {isa = PBXBuildFile; fileRef = 07437630B36B4ECE8DABFE9C /* iosrtcPlugin.swift */; };
		B8FE8CDB7E3E4827AB6C5D00 /* WebRTC.framework in Embed Frameworks */ = {isa = PBXBuildFile; fileRef = CA9CB333D6AC498F916898EB /* WebRTC.framework */; settings = {ATTRIBUTES = (CodeSignOnCopy, ); }; };
		B983E7A24FE7426D8BA22A5C /* CoreAudio.framework in Frameworks */ = {isa = PBXBuildFile; fileRef = A997179C88AC4845B6D68111 /* CoreAudio.framework */; };
		C1C5AFC154784E298DFE471E /* CoreLocation.framework in Frameworks */ = {isa = PBXBuildFile; fileRef = 4C45A3DFFC944234BA6F5F84 /* CoreLocation.framework */; };
		C2C1A5C1A5834553B6FB5DD7 /* PluginRTCPeerConnectionConstraints.swift in Sources */ = {isa = PBXBuildFile; fileRef = EB3BBA4566A7436B85DFA0EF /* PluginRTCPeerConnectionConstraints.swift */; };
		C9983E30E5F04587AAFC4700 /* PluginRTCDataChannel.swift in Sources */ = {isa = PBXBuildFile; fileRef = 36A40253B61B441BB2788FAE /* PluginRTCDataChannel.swift */; };
		E17AC2338C7844CA8FB024AB /* libsqlite3.0.dylib in Frameworks */ = {isa = PBXBuildFile; fileRef = 6BFF7903E01549068D0ECB04 /* libsqlite3.0.dylib */; };
		EA3920BF34A047E697A52C0F /* PluginRTCPeerConnectionConfig.swift in Sources */ = {isa = PBXBuildFile; fileRef = B89DC5669A994D9B956EC25C /* PluginRTCPeerConnectionConfig.swift */; };
		EB34961694C540E5A1AFA60C /* AudioToolbox.framework in Frameworks */ = {isa = PBXBuildFile; fileRef = 8509A650CDB6469AAC5060A3 /* AudioToolbox.framework */; };
		F760B67DED534DEF861CE3FD /* PluginMediaStream.swift in Sources */ = {isa = PBXBuildFile; fileRef = B8FA93D58A514A7CA9B09A99 /* PluginMediaStream.swift */; };
		FF27EEE3BC604A35B4049DED /* AVFoundation.framework in Frameworks */ = {isa = PBXBuildFile; fileRef = 6C6CA06C488447D58B4A3865 /* AVFoundation.framework */; };
		1AB88FFF63CF44138B4F6441 /* CDVStatusBar.m in Sources */ = {isa = PBXBuildFile; fileRef = 766A16BD22B84A90BB132954 /* CDVStatusBar.m */; };
/* End PBXBuildFile section */

/* Begin PBXContainerItemProxy section */
		301BF534109A57CC0062928A /* PBXContainerItemProxy */ = {
			isa = PBXContainerItemProxy;
			containerPortal = 301BF52D109A57CC0062928A /* CordovaLib.xcodeproj */;
			proxyType = 2;
			remoteGlobalIDString = D2AAC07E0554694100DB518D;
			remoteInfo = CordovaLib;
		};
		301BF550109A68C00062928A /* PBXContainerItemProxy */ = {
			isa = PBXContainerItemProxy;
			containerPortal = 301BF52D109A57CC0062928A /* CordovaLib.xcodeproj */;
			proxyType = 1;
			remoteGlobalIDString = D2AAC07D0554694100DB518D;
			remoteInfo = CordovaLib;
		};
		907D8123214C687600058A10 /* PBXContainerItemProxy */ = {
			isa = PBXContainerItemProxy;
			containerPortal = 301BF52D109A57CC0062928A /* CordovaLib.xcodeproj */;
			proxyType = 2;
			remoteGlobalIDString = C0C01EB21E3911D50056E6CB;
			remoteInfo = Cordova;
		};
/* End PBXContainerItemProxy section */

/* Begin PBXCopyFilesBuildPhase section */
		274D36A1BF084706AE39F144 /* Embed Frameworks */ = {
			isa = PBXCopyFilesBuildPhase;
			buildActionMask = 2147483647;
			dstPath = "";
			dstSubfolderSpec = 10;
			files = (
				B8FE8CDB7E3E4827AB6C5D00 /* WebRTC.framework in Embed Frameworks */,
			);
			name = "Embed Frameworks";
			runOnlyForDeploymentPostprocessing = 0;
		};
/* End PBXCopyFilesBuildPhase section */

/* Begin PBXFileReference section */
		0207DA571B56EA530066E2B4 /* Images.xcassets */ = {isa = PBXFileReference; lastKnownFileType = folder.assetcatalog; name = Images.xcassets; path = SampleVideoChatCordova/Images.xcassets; sourceTree = SOURCE_ROOT; };
		027129BC3E7B4A8A9D26C6DF /* PluginGetUserMedia.swift */ = {isa = PBXFileReference; explicitFileType = undefined; fileEncoding = 4; includeInIndex = 0; lastKnownFileType = sourcecode.swift; name = PluginGetUserMedia.swift; path = "cordova-plugin-iosrtc/PluginGetUserMedia.swift"; sourceTree = "<group>"; };
		07437630B36B4ECE8DABFE9C /* iosrtcPlugin.swift */ = {isa = PBXFileReference; explicitFileType = undefined; fileEncoding = 4; includeInIndex = 0; lastKnownFileType = sourcecode.swift; name = iosrtcPlugin.swift; path = "cordova-plugin-iosrtc/iosrtcPlugin.swift"; sourceTree = "<group>"; };
		11D726CC58774CAEBDE1108E /* PluginRTCPeerConnection.swift */ = {isa = PBXFileReference; explicitFileType = undefined; fileEncoding = 4; includeInIndex = 0; lastKnownFileType = sourcecode.swift; name = PluginRTCPeerConnection.swift; path = "cordova-plugin-iosrtc/PluginRTCPeerConnection.swift"; sourceTree = "<group>"; };
		18224FF9AF9F4756980DAB25 /* PluginRTCDTMFSender.swift */ = {isa = PBXFileReference; explicitFileType = undefined; fileEncoding = 4; includeInIndex = 0; lastKnownFileType = sourcecode.swift; name = PluginRTCDTMFSender.swift; path = "cordova-plugin-iosrtc/PluginRTCDTMFSender.swift"; sourceTree = "<group>"; };
		1D3623240D0F684500981E51 /* AppDelegate.h */ = {isa = PBXFileReference; fileEncoding = 4; lastKnownFileType = sourcecode.c.h; path = AppDelegate.h; sourceTree = "<group>"; };
		1D3623250D0F684500981E51 /* AppDelegate.m */ = {isa = PBXFileReference; fileEncoding = 4; lastKnownFileType = sourcecode.c.objc; path = AppDelegate.m; sourceTree = "<group>"; };
		1D6058910D05DD3D006BFB54 /* SampleVideoChatCordova.app */ = {isa = PBXFileReference; explicitFileType = wrapper.application; includeInIndex = 0; path = SampleVideoChatCordova.app; sourceTree = BUILT_PRODUCTS_DIR; };
		250736AFFCDB4B50BEFCC4CF /* CDVDevice.m */ = {isa = PBXFileReference; explicitFileType = undefined; fileEncoding = 4; includeInIndex = 0; lastKnownFileType = sourcecode.c.objc; name = CDVDevice.m; path = "cordova-plugin-device/CDVDevice.m"; sourceTree = "<group>"; };
		29B97316FDCFA39411CA2CEA /* main.m */ = {isa = PBXFileReference; fileEncoding = 4; lastKnownFileType = sourcecode.c.objc; path = main.m; sourceTree = "<group>"; };
		301BF52D109A57CC0062928A /* CordovaLib.xcodeproj */ = {isa = PBXFileReference; lastKnownFileType = "wrapper.pb-project"; name = CordovaLib.xcodeproj; path = CordovaLib/CordovaLib.xcodeproj; sourceTree = "<group>"; };
		301BF56E109A69640062928A /* www */ = {isa = PBXFileReference; lastKnownFileType = folder; path = www; sourceTree = SOURCE_ROOT; };
		302D95EE14D2391D003F00A1 /* MainViewController.h */ = {isa = PBXFileReference; fileEncoding = 4; lastKnownFileType = sourcecode.c.h; path = MainViewController.h; sourceTree = "<group>"; };
		302D95EF14D2391D003F00A1 /* MainViewController.m */ = {isa = PBXFileReference; fileEncoding = 4; lastKnownFileType = sourcecode.c.objc; path = MainViewController.m; sourceTree = "<group>"; };
		302D95F014D2391D003F00A1 /* MainViewController.xib */ = {isa = PBXFileReference; fileEncoding = 4; lastKnownFileType = file.xib; path = MainViewController.xib; sourceTree = "<group>"; };
		3047A50F1AB8059700498E2A /* build-debug.xcconfig */ = {isa = PBXFileReference; fileEncoding = 4; lastKnownFileType = text.xcconfig; name = "build-debug.xcconfig"; path = "cordova/build-debug.xcconfig"; sourceTree = SOURCE_ROOT; };
		3047A5101AB8059700498E2A /* build-release.xcconfig */ = {isa = PBXFileReference; fileEncoding = 4; lastKnownFileType = text.xcconfig; name = "build-release.xcconfig"; path = "cordova/build-release.xcconfig"; sourceTree = SOURCE_ROOT; };
		3047A5111AB8059700498E2A /* build.xcconfig */ = {isa = PBXFileReference; fileEncoding = 4; lastKnownFileType = text.xcconfig; name = build.xcconfig; path = cordova/build.xcconfig; sourceTree = SOURCE_ROOT; };
		32CA4F630368D1EE00C91783 /* SampleVideoChatCordova-Prefix.pch */ = {isa = PBXFileReference; fileEncoding = 4; lastKnownFileType = sourcecode.c.h; path = "SampleVideoChatCordova-Prefix.pch"; sourceTree = "<group>"; };
		36A40253B61B441BB2788FAE /* PluginRTCDataChannel.swift */ = {isa = PBXFileReference; explicitFileType = undefined; fileEncoding = 4; includeInIndex = 0; lastKnownFileType = sourcecode.swift; name = PluginRTCDataChannel.swift; path = "cordova-plugin-iosrtc/PluginRTCDataChannel.swift"; sourceTree = "<group>"; };
		3A341284EB0E4A718A868D30 /* VideoToolbox.framework */ = {isa = PBXFileReference; explicitFileType = undefined; fileEncoding = 9; includeInIndex = 0; lastKnownFileType = wrapper.framework; name = VideoToolbox.framework; path = System/Library/Frameworks/VideoToolbox.framework; sourceTree = SDKROOT; };
		413F0579B7AB4C5B9D1DBF52 /* CoreMedia.framework */ = {isa = PBXFileReference; explicitFileType = undefined; fileEncoding = 9; includeInIndex = 0; lastKnownFileType = wrapper.framework; name = CoreMedia.framework; path = System/Library/Frameworks/CoreMedia.framework; sourceTree = SDKROOT; };
		4C45A3DFFC944234BA6F5F84 /* CoreLocation.framework */ = {isa = PBXFileReference; explicitFileType = undefined; fileEncoding = 9; includeInIndex = 0; lastKnownFileType = wrapper.framework; name = CoreLocation.framework; path = System/Library/Frameworks/CoreLocation.framework; sourceTree = SDKROOT; };
		518C9EE105DB448496D8B48F /* PluginRTCAudioController.swift */ = {isa = PBXFileReference; explicitFileType = undefined; fileEncoding = 4; includeInIndex = 0; lastKnownFileType = sourcecode.swift; name = PluginRTCAudioController.swift; path = "cordova-plugin-iosrtc/PluginRTCAudioController.swift"; sourceTree = "<group>"; };
		55B428417B334C01B6EA2970 /* PluginRTCTypes.swift */ = {isa = PBXFileReference; explicitFileType = undefined; fileEncoding = 4; includeInIndex = 0; lastKnownFileType = sourcecode.swift; name = PluginRTCTypes.swift; path = "cordova-plugin-iosrtc/PluginRTCTypes.swift"; sourceTree = "<group>"; };
		68DAD21BDD2244A18274B4ED /* PluginMediaStreamTrack.swift */ = {isa = PBXFileReference; explicitFileType = undefined; fileEncoding = 4; includeInIndex = 0; lastKnownFileType = sourcecode.swift; name = PluginMediaStreamTrack.swift; path = "cordova-plugin-iosrtc/PluginMediaStreamTrack.swift"; sourceTree = "<group>"; };
		6AFF5BF81D6E424B00AB3073 /* CDVLaunchScreen.storyboard */ = {isa = PBXFileReference; fileEncoding = 4; lastKnownFileType = file.storyboard; name = CDVLaunchScreen.storyboard; path = SampleVideoChatCordova/CDVLaunchScreen.storyboard; sourceTree = SOURCE_ROOT; };
		6BFF7903E01549068D0ECB04 /* libsqlite3.0.dylib */ = {isa = PBXFileReference; explicitFileType = undefined; fileEncoding = 9; includeInIndex = 0; lastKnownFileType = "compiled.mach-o.dylib"; name = libsqlite3.0.dylib; path = usr/lib/libsqlite3.0.dylib; sourceTree = SDKROOT; };
		6C6CA06C488447D58B4A3865 /* AVFoundation.framework */ = {isa = PBXFileReference; explicitFileType = undefined; fileEncoding = 9; includeInIndex = 0; lastKnownFileType = wrapper.framework; name = AVFoundation.framework; path = System/Library/Frameworks/AVFoundation.framework; sourceTree = SDKROOT; };
		6EF8B87720B245508095C03E /* PluginMediaStreamRenderer.swift */ = {isa = PBXFileReference; explicitFileType = undefined; fileEncoding = 4; includeInIndex = 0; lastKnownFileType = sourcecode.swift; name = PluginMediaStreamRenderer.swift; path = "cordova-plugin-iosrtc/PluginMediaStreamRenderer.swift"; sourceTree = "<group>"; };
		70554EAD7C50401A8159C6BF /* libstdc++.dylib */ = {isa = PBXFileReference; explicitFileType = undefined; fileEncoding = 9; includeInIndex = 0; lastKnownFileType = "compiled.mach-o.dylib"; name = "libstdc++.dylib"; path = "usr/lib/libstdc++.dylib"; sourceTree = SDKROOT; };
		79363D6DEE4B4DB38E6BB99A /* OpenGLES.framework */ = {isa = PBXFileReference; explicitFileType = undefined; fileEncoding = 9; includeInIndex = 0; lastKnownFileType = wrapper.framework; name = OpenGLES.framework; path = System/Library/Frameworks/OpenGLES.framework; sourceTree = SDKROOT; };
		8509A650CDB6469AAC5060A3 /* AudioToolbox.framework */ = {isa = PBXFileReference; explicitFileType = undefined; fileEncoding = 9; includeInIndex = 0; lastKnownFileType = wrapper.framework; name = AudioToolbox.framework; path = System/Library/Frameworks/AudioToolbox.framework; sourceTree = SDKROOT; };
		8BC8D60A951B4C54994EAC6A /* GLKit.framework */ = {isa = PBXFileReference; explicitFileType = undefined; fileEncoding = 9; includeInIndex = 0; lastKnownFileType = wrapper.framework; name = GLKit.framework; path = System/Library/Frameworks/GLKit.framework; sourceTree = SDKROOT; };
		8D1107310486CEB800E47090 /* SampleVideoChatCordova-Info.plist */ = {isa = PBXFileReference; fileEncoding = 4; lastKnownFileType = text.plist.xml; name = "SampleVideoChatCordova-Info.plist"; path = "SampleVideoChatCordova/SampleVideoChatCordova-Info.plist"; plistStructureDefinitionIdentifier = "com.apple.xcode.plist.structure-definition.iphone.info-plist"; sourceTree = SOURCE_ROOT; };
		972EF7B1982240FFBE83E756 /* libc++.dylib */ = {isa = PBXFileReference; explicitFileType = undefined; fileEncoding = 9; includeInIndex = 0; lastKnownFileType = "compiled.mach-o.dylib"; name = "libc++.dylib"; path = "usr/lib/libc++.dylib"; sourceTree = SDKROOT; };
		9C5D1817D4DF432AAA2D51B5 /* CoreVideo.framework */ = {isa = PBXFileReference; explicitFileType = undefined; fileEncoding = 9; includeInIndex = 0; lastKnownFileType = wrapper.framework; name = CoreVideo.framework; path = System/Library/Frameworks/CoreVideo.framework; sourceTree = SDKROOT; };
		9E60B9433C9B4017BF2AA6C9 /* PluginEnumerateDevices.swift */ = {isa = PBXFileReference; explicitFileType = undefined; fileEncoding = 4; includeInIndex = 0; lastKnownFileType = sourcecode.swift; name = PluginEnumerateDevices.swift; path = "cordova-plugin-iosrtc/PluginEnumerateDevices.swift"; sourceTree = "<group>"; };
		A997179C88AC4845B6D68111 /* CoreAudio.framework */ = {isa = PBXFileReference; explicitFileType = undefined; fileEncoding = 9; includeInIndex = 0; lastKnownFileType = wrapper.framework; name = CoreAudio.framework; path = System/Library/Frameworks/CoreAudio.framework; sourceTree = SDKROOT; };
		B89DC5669A994D9B956EC25C /* PluginRTCPeerConnectionConfig.swift */ = {isa = PBXFileReference; explicitFileType = undefined; fileEncoding = 4; includeInIndex = 0; lastKnownFileType = sourcecode.swift; name = PluginRTCPeerConnectionConfig.swift; path = "cordova-plugin-iosrtc/PluginRTCPeerConnectionConfig.swift"; sourceTree = "<group>"; };
		B8FA93D58A514A7CA9B09A99 /* PluginMediaStream.swift */ = {isa = PBXFileReference; explicitFileType = undefined; fileEncoding = 4; includeInIndex = 0; lastKnownFileType = sourcecode.swift; name = PluginMediaStream.swift; path = "cordova-plugin-iosrtc/PluginMediaStream.swift"; sourceTree = "<group>"; };
		CA9CB333D6AC498F916898EB /* WebRTC.framework */ = {isa = PBXFileReference; explicitFileType = undefined; fileEncoding = 9; includeInIndex = 0; lastKnownFileType = wrapper.framework; name = WebRTC.framework; path = "SampleVideoChatCordova/Plugins/cordova-plugin-iosrtc/WebRTC.framework"; sourceTree = "<group>"; };
		D4AAFE85F488409AACCB3370 /* QuartzCore.framework */ = {isa = PBXFileReference; explicitFileType = undefined; fileEncoding = 9; includeInIndex = 0; lastKnownFileType = wrapper.framework; name = QuartzCore.framework; path = System/Library/Frameworks/QuartzCore.framework; sourceTree = SDKROOT; };
		DE044AE160E74B6DAAEBD323 /* CDVDevice.h */ = {isa = PBXFileReference; explicitFileType = undefined; fileEncoding = 4; includeInIndex = 0; lastKnownFileType = sourcecode.c.h; name = CDVDevice.h; path = "cordova-plugin-device/CDVDevice.h"; sourceTree = "<group>"; };
		E27D93A857C647FFB8B8B95A /* PluginUtils.swift */ = {isa = PBXFileReference; explicitFileType = undefined; fileEncoding = 4; includeInIndex = 0; lastKnownFileType = sourcecode.swift; name = PluginUtils.swift; path = "cordova-plugin-iosrtc/PluginUtils.swift"; sourceTree = "<group>"; };
		E46B88D1B36D42ABB99F5308 /* cordova-plugin-iosrtc-Bridging-Header.h */ = {isa = PBXFileReference; explicitFileType = undefined; fileEncoding = 4; includeInIndex = 0; lastKnownFileType = sourcecode.c.h; name = "cordova-plugin-iosrtc-Bridging-Header.h"; path = "cordova-plugin-iosrtc/cordova-plugin-iosrtc-Bridging-Header.h"; sourceTree = "<group>"; };
		E8AECE42AE524756BB4D5E67 /* PluginRTCVideoCaptureController.swift */ = {isa = PBXFileReference; explicitFileType = undefined; fileEncoding = 4; includeInIndex = 0; lastKnownFileType = sourcecode.swift; name = PluginRTCVideoCaptureController.swift; path = "cordova-plugin-iosrtc/PluginRTCVideoCaptureController.swift"; sourceTree = "<group>"; };
		EB3BBA4566A7436B85DFA0EF /* PluginRTCPeerConnectionConstraints.swift */ = {isa = PBXFileReference; explicitFileType = undefined; fileEncoding = 4; includeInIndex = 0; lastKnownFileType = sourcecode.swift; name = PluginRTCPeerConnectionConstraints.swift; path = "cordova-plugin-iosrtc/PluginRTCPeerConnectionConstraints.swift"; sourceTree = "<group>"; };
		EB87FDF31871DA8E0020F90C /* www */ = {isa = PBXFileReference; lastKnownFileType = folder; name = www; path = ../../www; sourceTree = "<group>"; };
		EB87FDF41871DAF40020F90C /* config.xml */ = {isa = PBXFileReference; lastKnownFileType = text.xml; name = config.xml; path = ../../config.xml; sourceTree = "<group>"; };
		ED33DF2A687741AEAF9F8254 /* Bridging-Header.h */ = {isa = PBXFileReference; fileEncoding = 4; lastKnownFileType = sourcecode.c.h; path = "Bridging-Header.h"; sourceTree = "<group>"; };
		F840E1F0165FE0F500CFE078 /* config.xml */ = {isa = PBXFileReference; lastKnownFileType = text.xml; name = config.xml; path = SampleVideoChatCordova/config.xml; sourceTree = "<group>"; };
		766A16BD22B84A90BB132954 /* CDVStatusBar.m */ = {isa = PBXFileReference; name = "CDVStatusBar.m"; path = "cordova-plugin-statusbar/CDVStatusBar.m"; sourceTree = "<group>"; fileEncoding = 4; lastKnownFileType = sourcecode.c.objc; explicitFileType = undefined; includeInIndex = 0; };
		CC243D5A8C0F450F83827883 /* CDVStatusBar.h */ = {isa = PBXFileReference; name = "CDVStatusBar.h"; path = "cordova-plugin-statusbar/CDVStatusBar.h"; sourceTree = "<group>"; fileEncoding = 4; lastKnownFileType = sourcecode.c.h; explicitFileType = undefined; includeInIndex = 0; };
/* End PBXFileReference section */

/* Begin PBXFrameworksBuildPhase section */
		1D60588F0D05DD3D006BFB54 /* Frameworks */ = {
			isa = PBXFrameworksBuildPhase;
			buildActionMask = 2147483647;
			files = (
				301BF552109A68D80062928A /* libCordova.a in Frameworks */,
				FF27EEE3BC604A35B4049DED /* AVFoundation.framework in Frameworks */,
				B0C22EE09FC34C56A77FD326 /* CoreMedia.framework in Frameworks */,
				02C014BFAD3E4CC6A6F62078 /* GLKit.framework in Frameworks */,
				27908E73272744CD8D300246 /* OpenGLES.framework in Frameworks */,
				772326DB9F2347598A89A421 /* CoreVideo.framework in Frameworks */,
				B983E7A24FE7426D8BA22A5C /* CoreAudio.framework in Frameworks */,
				11D14D0E192D4F99AEB1E7B6 /* QuartzCore.framework in Frameworks */,
				C1C5AFC154784E298DFE471E /* CoreLocation.framework in Frameworks */,
				EB34961694C540E5A1AFA60C /* AudioToolbox.framework in Frameworks */,
				3429A804790B46BDBB42C9BC /* libc++.dylib in Frameworks */,
				65745C4272A64ABF88B47BB5 /* libstdc++.dylib in Frameworks */,
				E17AC2338C7844CA8FB024AB /* libsqlite3.0.dylib in Frameworks */,
				0240ACFE56974CB99D6D8BAA /* VideoToolbox.framework in Frameworks */,
			);
			runOnlyForDeploymentPostprocessing = 0;
		};
/* End PBXFrameworksBuildPhase section */

/* Begin PBXGroup section */
		080E96DDFE201D6D7F000001 /* Classes */ = {
			isa = PBXGroup;
			children = (
				302D95EE14D2391D003F00A1 /* MainViewController.h */,
				302D95EF14D2391D003F00A1 /* MainViewController.m */,
				302D95F014D2391D003F00A1 /* MainViewController.xib */,
				1D3623240D0F684500981E51 /* AppDelegate.h */,
				1D3623250D0F684500981E51 /* AppDelegate.m */,
			);
			name = Classes;
			path = SampleVideoChatCordova/Classes;
			sourceTree = SOURCE_ROOT;
		};
		19C28FACFE9D520D11CA2CBB /* Products */ = {
			isa = PBXGroup;
			children = (
				1D6058910D05DD3D006BFB54 /* SampleVideoChatCordova.app */,
			);
			name = Products;
			sourceTree = "<group>";
		};
		29B97314FDCFA39411CA2CEA /* CustomTemplate */ = {
			isa = PBXGroup;
			children = (
				EB87FDF41871DAF40020F90C /* config.xml */,
				EB87FDF31871DA8E0020F90C /* www */,
				EB87FDF11871DA420020F90C /* Staging */,
				301BF52D109A57CC0062928A /* CordovaLib.xcodeproj */,
				080E96DDFE201D6D7F000001 /* Classes */,
				307C750510C5A3420062BCA9 /* Plugins */,
				29B97315FDCFA39411CA2CEA /* Other Sources */,
				29B97317FDCFA39411CA2CEA /* Resources */,
				29B97323FDCFA39411CA2CEA /* Frameworks */,
				19C28FACFE9D520D11CA2CBB /* Products */,
			);
			name = CustomTemplate;
			sourceTree = "<group>";
		};
		29B97315FDCFA39411CA2CEA /* Other Sources */ = {
			isa = PBXGroup;
			children = (
				32CA4F630368D1EE00C91783 /* SampleVideoChatCordova-Prefix.pch */,
				29B97316FDCFA39411CA2CEA /* main.m */,
				ED33DF2A687741AEAF9F8254 /* Bridging-Header.h */,
			);
			name = "Other Sources";
			path = SampleVideoChatCordova;
			sourceTree = "<group>";
		};
		29B97317FDCFA39411CA2CEA /* Resources */ = {
			isa = PBXGroup;
			children = (
				0207DA571B56EA530066E2B4 /* Images.xcassets */,
				3047A50E1AB8057F00498E2A /* config */,
				8D1107310486CEB800E47090 /* SampleVideoChatCordova-Info.plist */,
				6AFF5BF81D6E424B00AB3073 /* CDVLaunchScreen.storyboard */,
			);
			name = Resources;
			path = SampleVideoChatCordova/Resources;
			sourceTree = "<group>";
		};
		29B97323FDCFA39411CA2CEA /* Frameworks */ = {
			isa = PBXGroup;
			children = (
				6C6CA06C488447D58B4A3865 /* AVFoundation.framework */,
				413F0579B7AB4C5B9D1DBF52 /* CoreMedia.framework */,
				8BC8D60A951B4C54994EAC6A /* GLKit.framework */,
				79363D6DEE4B4DB38E6BB99A /* OpenGLES.framework */,
				9C5D1817D4DF432AAA2D51B5 /* CoreVideo.framework */,
				A997179C88AC4845B6D68111 /* CoreAudio.framework */,
				D4AAFE85F488409AACCB3370 /* QuartzCore.framework */,
				4C45A3DFFC944234BA6F5F84 /* CoreLocation.framework */,
				8509A650CDB6469AAC5060A3 /* AudioToolbox.framework */,
				972EF7B1982240FFBE83E756 /* libc++.dylib */,
				70554EAD7C50401A8159C6BF /* libstdc++.dylib */,
				6BFF7903E01549068D0ECB04 /* libsqlite3.0.dylib */,
				3A341284EB0E4A718A868D30 /* VideoToolbox.framework */,
				CA9CB333D6AC498F916898EB /* WebRTC.framework */,
			);
			name = Frameworks;
			sourceTree = "<group>";
		};
		301BF52E109A57CC0062928A /* Products */ = {
			isa = PBXGroup;
			children = (
				301BF535109A57CC0062928A /* libCordova.a */,
				907D8124214C687600058A10 /* Cordova.framework */,
			);
			name = Products;
			sourceTree = "<group>";
		};
		3047A50E1AB8057F00498E2A /* config */ = {
			isa = PBXGroup;
			children = (
				3047A50F1AB8059700498E2A /* build-debug.xcconfig */,
				3047A5101AB8059700498E2A /* build-release.xcconfig */,
				3047A5111AB8059700498E2A /* build.xcconfig */,
			);
			name = config;
			sourceTree = "<group>";
		};
		307C750510C5A3420062BCA9 /* Plugins */ = {
			isa = PBXGroup;
			children = (
				250736AFFCDB4B50BEFCC4CF /* CDVDevice.m */,
				DE044AE160E74B6DAAEBD323 /* CDVDevice.h */,
				07437630B36B4ECE8DABFE9C /* iosrtcPlugin.swift */,
				55B428417B334C01B6EA2970 /* PluginRTCTypes.swift */,
				11D726CC58774CAEBDE1108E /* PluginRTCPeerConnection.swift */,
				B89DC5669A994D9B956EC25C /* PluginRTCPeerConnectionConfig.swift */,
				EB3BBA4566A7436B85DFA0EF /* PluginRTCPeerConnectionConstraints.swift */,
				36A40253B61B441BB2788FAE /* PluginRTCDataChannel.swift */,
				18224FF9AF9F4756980DAB25 /* PluginRTCDTMFSender.swift */,
				B8FA93D58A514A7CA9B09A99 /* PluginMediaStream.swift */,
				68DAD21BDD2244A18274B4ED /* PluginMediaStreamTrack.swift */,
				027129BC3E7B4A8A9D26C6DF /* PluginGetUserMedia.swift */,
				9E60B9433C9B4017BF2AA6C9 /* PluginEnumerateDevices.swift */,
				E27D93A857C647FFB8B8B95A /* PluginUtils.swift */,
				6EF8B87720B245508095C03E /* PluginMediaStreamRenderer.swift */,
				518C9EE105DB448496D8B48F /* PluginRTCAudioController.swift */,
				E8AECE42AE524756BB4D5E67 /* PluginRTCVideoCaptureController.swift */,
				E46B88D1B36D42ABB99F5308 /* cordova-plugin-iosrtc-Bridging-Header.h */,
				766A16BD22B84A90BB132954 /* CDVStatusBar.m */,
				CC243D5A8C0F450F83827883 /* CDVStatusBar.h */,
			);
			name = Plugins;
			path = SampleVideoChatCordova/Plugins;
			sourceTree = SOURCE_ROOT;
		};
		EB87FDF11871DA420020F90C /* Staging */ = {
			isa = PBXGroup;
			children = (
				F840E1F0165FE0F500CFE078 /* config.xml */,
				301BF56E109A69640062928A /* www */,
			);
			name = Staging;
			sourceTree = "<group>";
		};
/* End PBXGroup section */

/* Begin PBXNativeTarget section */
		1D6058900D05DD3D006BFB54 /* SampleVideoChatCordova */ = {
			isa = PBXNativeTarget;
			buildConfigurationList = 1D6058960D05DD3E006BFB54 /* Build configuration list for PBXNativeTarget "SampleVideoChatCordova" */;
			buildPhases = (
				304B58A110DAC018002A0835 /* Copy www directory */,
				1D60588D0D05DD3D006BFB54 /* Resources */,
				1D60588E0D05DD3D006BFB54 /* Sources */,
				1D60588F0D05DD3D006BFB54 /* Frameworks */,
				274D36A1BF084706AE39F144 /* Embed Frameworks */,
			);
			buildRules = (
			);
			dependencies = (
				301BF551109A68C00062928A /* PBXTargetDependency */,
			);
			name = SampleVideoChatCordova;
			productName = SampleVideoChatCordova;
			productReference = 1D6058910D05DD3D006BFB54 /* SampleVideoChatCordova.app */;
			productType = "com.apple.product-type.application";
		};
/* End PBXNativeTarget section */

/* Begin PBXProject section */
		29B97313FDCFA39411CA2CEA /* Project object */ = {
			isa = PBXProject;
			attributes = {
				LastUpgradeCheck = 510;
				TargetAttributes = {
					1D6058900D05DD3D006BFB54 = {
						DevelopmentTeam = 7FN8T8KP47;
						ProvisioningStyle = Automatic;
					};
				};
			};
			buildConfigurationList = C01FCF4E08A954540054247B /* Build configuration list for PBXProject "SampleVideoChatCordova" */;
			compatibilityVersion = "Xcode 3.2";
			developmentRegion = English;
			hasScannedForEncodings = 1;
			knownRegions = (
				English,
				en,
				Base,
			);
			mainGroup = 29B97314FDCFA39411CA2CEA /* CustomTemplate */;
			projectDirPath = "";
			projectReferences = (
				{
					ProductGroup = 301BF52E109A57CC0062928A /* Products */;
					ProjectRef = 301BF52D109A57CC0062928A /* CordovaLib.xcodeproj */;
				},
			);
			projectRoot = "";
			targets = (
				1D6058900D05DD3D006BFB54 /* SampleVideoChatCordova */,
			);
		};
/* End PBXProject section */

/* Begin PBXReferenceProxy section */
		301BF535109A57CC0062928A /* libCordova.a */ = {
			isa = PBXReferenceProxy;
			fileType = archive.ar;
			path = libCordova.a;
			remoteRef = 301BF534109A57CC0062928A /* PBXContainerItemProxy */;
			sourceTree = BUILT_PRODUCTS_DIR;
		};
		907D8124214C687600058A10 /* Cordova.framework */ = {
			isa = PBXReferenceProxy;
			fileType = wrapper.framework;
			path = Cordova.framework;
			remoteRef = 907D8123214C687600058A10 /* PBXContainerItemProxy */;
			sourceTree = BUILT_PRODUCTS_DIR;
		};
/* End PBXReferenceProxy section */

/* Begin PBXResourcesBuildPhase section */
		1D60588D0D05DD3D006BFB54 /* Resources */ = {
			isa = PBXResourcesBuildPhase;
			buildActionMask = 2147483647;
			files = (
				302D95F214D2391D003F00A1 /* MainViewController.xib in Resources */,
				0207DA581B56EA530066E2B4 /* Images.xcassets in Resources */,
				6AFF5BF91D6E424B00AB3073 /* CDVLaunchScreen.storyboard in Resources */,
			);
			runOnlyForDeploymentPostprocessing = 0;
		};
/* End PBXResourcesBuildPhase section */

/* Begin PBXShellScriptBuildPhase section */
		304B58A110DAC018002A0835 /* Copy www directory */ = {
			isa = PBXShellScriptBuildPhase;
			buildActionMask = 2147483647;
			files = (
			);
			inputPaths = (
			);
			name = "Copy www directory";
			outputPaths = (
			);
			runOnlyForDeploymentPostprocessing = 0;
			shellPath = /bin/sh;
			shellScript = "\"$SRCROOT/SampleVideoChatCordova/Scripts/copy-www-build-step.sh\"";
			showEnvVarsInLog = 0;
		};
/* End PBXShellScriptBuildPhase section */

/* Begin PBXSourcesBuildPhase section */
		1D60588E0D05DD3D006BFB54 /* Sources */ = {
			isa = PBXSourcesBuildPhase;
			buildActionMask = 2147483647;
			files = (
				1D60589B0D05DD56006BFB54 /* main.m in Sources */,
				1D3623260D0F684500981E51 /* AppDelegate.m in Sources */,
				302D95F114D2391D003F00A1 /* MainViewController.m in Sources */,
				6B7FCD6C4282422CB80FE9FC /* CDVDevice.m in Sources */,
				B1336BDC0A8A47959542A610 /* iosrtcPlugin.swift in Sources */,
				93691A15BF9F4CBF84A641DC /* PluginRTCTypes.swift in Sources */,
				291CCEC7D638431DB844717D /* PluginRTCPeerConnection.swift in Sources */,
				EA3920BF34A047E697A52C0F /* PluginRTCPeerConnectionConfig.swift in Sources */,
				C2C1A5C1A5834553B6FB5DD7 /* PluginRTCPeerConnectionConstraints.swift in Sources */,
				C9983E30E5F04587AAFC4700 /* PluginRTCDataChannel.swift in Sources */,
				996095B07AEC4DD288244700 /* PluginRTCDTMFSender.swift in Sources */,
				F760B67DED534DEF861CE3FD /* PluginMediaStream.swift in Sources */,
				309E11FA121444299EE049F4 /* PluginMediaStreamTrack.swift in Sources */,
				339A1F69BBE441B7AEB5E697 /* PluginGetUserMedia.swift in Sources */,
				825E0081E1A44911A3E668C2 /* PluginEnumerateDevices.swift in Sources */,
				4FC99D6664D149839AE47D63 /* PluginUtils.swift in Sources */,
				5940E3CDC1734C10A1069F6B /* PluginMediaStreamRenderer.swift in Sources */,
				4F90395BFEDE47939F35B10A /* PluginRTCAudioController.swift in Sources */,
				A02056D4D5A14F63BC709458 /* PluginRTCVideoCaptureController.swift in Sources */,
				1AB88FFF63CF44138B4F6441 /* CDVStatusBar.m in Sources */,
			);
			runOnlyForDeploymentPostprocessing = 0;
		};
/* End PBXSourcesBuildPhase section */

/* Begin PBXTargetDependency section */
		301BF551109A68C00062928A /* PBXTargetDependency */ = {
			isa = PBXTargetDependency;
			name = CordovaLib;
			targetProxy = 301BF550109A68C00062928A /* PBXContainerItemProxy */;
		};
/* End PBXTargetDependency section */

/* Begin XCBuildConfiguration section */
		1D6058940D05DD3E006BFB54 /* Debug */ = {
			isa = XCBuildConfiguration;
			baseConfigurationReference = 3047A50F1AB8059700498E2A /* build-debug.xcconfig */;
			buildSettings = {
				ALWAYS_SEARCH_USER_PATHS = NO;
				ASSETCATALOG_COMPILER_APPICON_NAME = AppIcon;
				ASSETCATALOG_COMPILER_LAUNCHIMAGE_NAME = LaunchImage;
				CLANG_ENABLE_MODULES = YES;
				CLANG_ENABLE_OBJC_ARC = YES;
				COPY_PHASE_STRIP = NO;
				DEVELOPMENT_TEAM = 7FN8T8KP47;
				ENABLE_BITCODE = "NO";
				FRAMEWORK_SEARCH_PATHS = (
					"$(inherited)",
					"\"SampleVideoChatCordova/Plugins/cordova-plugin-iosrtc\"",
				);
				GCC_DYNAMIC_NO_PIC = NO;
				GCC_OPTIMIZATION_LEVEL = 0;
				GCC_PRECOMPILE_PREFIX_HEADER = YES;
				GCC_PREFIX_HEADER = "SampleVideoChatCordova/SampleVideoChatCordova-Prefix.pch";
				GCC_THUMB_SUPPORT = NO;
				GCC_VERSION = "";
				INFOPLIST_FILE = "SampleVideoChatCordova/SampleVideoChatCordova-Info.plist";
				IPHONEOS_DEPLOYMENT_TARGET = 10.2;
				LD_RUNPATH_SEARCH_PATHS = "@executable_path/Frameworks";
				PRODUCT_BUNDLE_IDENTIFIER = com.connectycube.videochat;
				PRODUCT_NAME = "$(TARGET_NAME)";
				SWIFT_OBJC_BRIDGING_HEADER = "SampleVideoChatCordova/Plugins/cordova-plugin-iosrtc/cordova-plugin-iosrtc-Bridging-Header.h";
				SWIFT_VERSION = "4.2";
				TARGETED_DEVICE_FAMILY = "1,2";
			};
			name = Debug;
		};
		1D6058950D05DD3E006BFB54 /* Release */ = {
			isa = XCBuildConfiguration;
			baseConfigurationReference = 3047A5101AB8059700498E2A /* build-release.xcconfig */;
			buildSettings = {
				ALWAYS_SEARCH_USER_PATHS = NO;
				ASSETCATALOG_COMPILER_APPICON_NAME = AppIcon;
				ASSETCATALOG_COMPILER_LAUNCHIMAGE_NAME = LaunchImage;
				CLANG_ENABLE_MODULES = YES;
				CLANG_ENABLE_OBJC_ARC = YES;
				CODE_SIGN_IDENTITY = "iPhone Developer";
				COPY_PHASE_STRIP = YES;
				DEVELOPMENT_TEAM = 7FN8T8KP47;
				ENABLE_BITCODE = "NO";
				FRAMEWORK_SEARCH_PATHS = (
					"$(inherited)",
					"\"SampleVideoChatCordova/Plugins/cordova-plugin-iosrtc\"",
				);
				GCC_PRECOMPILE_PREFIX_HEADER = YES;
				GCC_PREFIX_HEADER = "SampleVideoChatCordova/SampleVideoChatCordova-Prefix.pch";
				GCC_THUMB_SUPPORT = NO;
				GCC_VERSION = "";
				INFOPLIST_FILE = "SampleVideoChatCordova/SampleVideoChatCordova-Info.plist";
				IPHONEOS_DEPLOYMENT_TARGET = 10.2;
				LD_RUNPATH_SEARCH_PATHS = "@executable_path/Frameworks";
				PRODUCT_BUNDLE_IDENTIFIER = com.connectycube.videochat;
				PRODUCT_NAME = "$(TARGET_NAME)";
				SWIFT_OBJC_BRIDGING_HEADER = "SampleVideoChatCordova/Plugins/cordova-plugin-iosrtc/cordova-plugin-iosrtc-Bridging-Header.h";
				SWIFT_VERSION = "4.2";
				TARGETED_DEVICE_FAMILY = "1,2";
			};
			name = Release;
		};
		C01FCF4F08A954540054247B /* Debug */ = {
			isa = XCBuildConfiguration;
			baseConfigurationReference = 3047A5111AB8059700498E2A /* build.xcconfig */;
			buildSettings = {
				CLANG_ENABLE_MODULES = YES;
				CLANG_ENABLE_OBJC_ARC = YES;
				CLANG_WARN_BLOCK_CAPTURE_AUTORELEASING = YES;
				CLANG_WARN_BOOL_CONVERSION = YES;
				CLANG_WARN_COMMA = YES;
				CLANG_WARN_CONSTANT_CONVERSION = YES;
				CLANG_WARN_DEPRECATED_OBJC_IMPLEMENTATIONS = YES;
				CLANG_WARN_EMPTY_BODY = YES;
				CLANG_WARN_ENUM_CONVERSION = YES;
				CLANG_WARN_INFINITE_RECURSION = YES;
				CLANG_WARN_INT_CONVERSION = YES;
				CLANG_WARN_NON_LITERAL_NULL_CONVERSION = YES;
				CLANG_WARN_OBJC_IMPLICIT_RETAIN_SELF = YES;
				CLANG_WARN_OBJC_LITERAL_CONVERSION = YES;
				CLANG_WARN_RANGE_LOOP_ANALYSIS = YES;
				CLANG_WARN_STRICT_PROTOTYPES = YES;
				CLANG_WARN_SUSPICIOUS_MOVE = YES;
				CLANG_WARN_UNREACHABLE_CODE = YES;
				CLANG_WARN__DUPLICATE_METHOD_MATCH = YES;
				ENABLE_BITCODE = "NO";
				ENABLE_STRICT_OBJC_MSGSEND = YES;
				ENABLE_TESTABILITY = YES;
				GCC_C_LANGUAGE_STANDARD = c99;
				GCC_NO_COMMON_BLOCKS = YES;
				GCC_THUMB_SUPPORT = NO;
				GCC_VERSION = "";
				GCC_WARN_64_TO_32_BIT_CONVERSION = YES;
				GCC_WARN_ABOUT_RETURN_TYPE = YES;
				GCC_WARN_UNDECLARED_SELECTOR = YES;
				GCC_WARN_UNINITIALIZED_AUTOS = YES;
				GCC_WARN_UNUSED_FUNCTION = YES;
				GCC_WARN_UNUSED_VARIABLE = YES;
				IPHONEOS_DEPLOYMENT_TARGET = 10.2;
				LD_RUNPATH_SEARCH_PATHS = "@executable_path/Frameworks";
				ONLY_ACTIVE_ARCH = YES;
				PRODUCT_BUNDLE_IDENTIFIER = com.connectycube.videochat;
				SDKROOT = iphoneos;
				SKIP_INSTALL = NO;
				SWIFT_OBJC_BRIDGING_HEADER = "SampleVideoChatCordova/Plugins/cordova-plugin-iosrtc/cordova-plugin-iosrtc-Bridging-Header.h";
				SWIFT_VERSION = "4.2";
				WK_WEB_VIEW_ONLY = 0;
			};
			name = Debug;
		};
		C01FCF5008A954540054247B /* Release */ = {
			isa = XCBuildConfiguration;
			baseConfigurationReference = 3047A5111AB8059700498E2A /* build.xcconfig */;
			buildSettings = {
				CLANG_ENABLE_MODULES = YES;
				CLANG_ENABLE_OBJC_ARC = YES;
				CLANG_WARN_BLOCK_CAPTURE_AUTORELEASING = YES;
				CLANG_WARN_BOOL_CONVERSION = YES;
				CLANG_WARN_COMMA = YES;
				CLANG_WARN_CONSTANT_CONVERSION = YES;
				CLANG_WARN_DEPRECATED_OBJC_IMPLEMENTATIONS = YES;
				CLANG_WARN_EMPTY_BODY = YES;
				CLANG_WARN_ENUM_CONVERSION = YES;
				CLANG_WARN_INFINITE_RECURSION = YES;
				CLANG_WARN_INT_CONVERSION = YES;
				CLANG_WARN_NON_LITERAL_NULL_CONVERSION = YES;
				CLANG_WARN_OBJC_IMPLICIT_RETAIN_SELF = YES;
				CLANG_WARN_OBJC_LITERAL_CONVERSION = YES;
				CLANG_WARN_RANGE_LOOP_ANALYSIS = YES;
				CLANG_WARN_STRICT_PROTOTYPES = YES;
				CLANG_WARN_SUSPICIOUS_MOVE = YES;
				CLANG_WARN_UNREACHABLE_CODE = YES;
				CLANG_WARN__DUPLICATE_METHOD_MATCH = YES;
				ENABLE_BITCODE = "NO";
				ENABLE_STRICT_OBJC_MSGSEND = YES;
				GCC_C_LANGUAGE_STANDARD = c99;
				GCC_NO_COMMON_BLOCKS = YES;
				GCC_THUMB_SUPPORT = NO;
				GCC_VERSION = "";
				GCC_WARN_64_TO_32_BIT_CONVERSION = YES;
				GCC_WARN_ABOUT_RETURN_TYPE = YES;
				GCC_WARN_UNDECLARED_SELECTOR = YES;
				GCC_WARN_UNINITIALIZED_AUTOS = YES;
				GCC_WARN_UNUSED_FUNCTION = YES;
				GCC_WARN_UNUSED_VARIABLE = YES;
				IPHONEOS_DEPLOYMENT_TARGET = 10.2;
				LD_RUNPATH_SEARCH_PATHS = "@executable_path/Frameworks";
				PRODUCT_BUNDLE_IDENTIFIER = com.connectycube.videochat;
				SDKROOT = iphoneos;
				SKIP_INSTALL = NO;
				SWIFT_OBJC_BRIDGING_HEADER = "SampleVideoChatCordova/Plugins/cordova-plugin-iosrtc/cordova-plugin-iosrtc-Bridging-Header.h";
				SWIFT_VERSION = "4.2";
				WK_WEB_VIEW_ONLY = 0;
			};
			name = Release;
		};
/* End XCBuildConfiguration section */

/* Begin XCConfigurationList section */
		1D6058960D05DD3E006BFB54 /* Build configuration list for PBXNativeTarget "SampleVideoChatCordova" */ = {
			isa = XCConfigurationList;
			buildConfigurations = (
				1D6058940D05DD3E006BFB54 /* Debug */,
				1D6058950D05DD3E006BFB54 /* Release */,
			);
			defaultConfigurationIsVisible = 0;
			defaultConfigurationName = Release;
		};
		C01FCF4E08A954540054247B /* Build configuration list for PBXProject "SampleVideoChatCordova" */ = {
			isa = XCConfigurationList;
			buildConfigurations = (
				C01FCF4F08A954540054247B /* Debug */,
				C01FCF5008A954540054247B /* Release */,
			);
			defaultConfigurationIsVisible = 0;
			defaultConfigurationName = Release;
		};
/* End XCConfigurationList section */
	};
	rootObject = 29B97313FDCFA39411CA2CEA /* Project object */;
}
